
Microsoft Visual Studio Solution File, Format Version 12.00
# Visual Studio 2012
Project("{FAE04EC0-301F-11D3-BF4B-00C04F79EFBC}") = "Umbraco.CodeGen.Vsix", "Umbraco.CodeGen.Vsix\Umbraco.CodeGen.Vsix.csproj", "{38B0B9B0-77E5-42DE-89FB-086CB37D33BC}"
EndProject
Project("{FAE04EC0-301F-11D3-BF4B-00C04F79EFBC}") = "Umbraco.CodeGen", "Umbraco.CodeGen\Umbraco.CodeGen.csproj", "{132E2FC4-B509-4204-9DA2-D688BEA75D4A}"
EndProject
Project("{FAE04EC0-301F-11D3-BF4B-00C04F79EFBC}") = "Umbraco.CodeGen.Tests", "Umbraco.CodeGen.Tests\Umbraco.CodeGen.Tests.csproj", "{1FB05B28-A1DF-4404-B298-3CCE2D2A8C99}"
EndProject
Project("{2150E333-8FDC-42A3-9474-1A3956D46DE8}") = ".nuget", ".nuget", "{11D6B70E-6F69-4AB2-B036-3F22512F4265}"
	ProjectSection(SolutionItems) = preProject
		.nuget\NuGet.Config = .nuget\NuGet.Config
		.nuget\NuGet.exe = .nuget\NuGet.exe
		.nuget\NuGet.targets = .nuget\NuGet.targets
	EndProjectSection
EndProject
Project("{2150E333-8FDC-42A3-9474-1A3956D46DE8}") = "Solution Items", "Solution Items", "{BEADA4D9-4F5B-4A6C-A775-34C0B2A94195}"
	ProjectSection(SolutionItems) = preProject
		license.txt = license.txt
		readme.md = readme.md
	EndProjectSection
EndProject
Global
	GlobalSection(SolutionConfigurationPlatforms) = preSolution
		Debug|Any CPU = Debug|Any CPU
		Release|Any CPU = Release|Any CPU
	EndGlobalSection
	GlobalSection(ProjectConfigurationPlatforms) = postSolution
		{38B0B9B0-77E5-42DE-89FB-086CB37D33BC}.Debug|Any CPU.ActiveCfg = Debug|Any CPU
		{38B0B9B0-77E5-42DE-89FB-086CB37D33BC}.Debug|Any CPU.Build.0 = Debug|Any CPU
		{38B0B9B0-77E5-42DE-89FB-086CB37D33BC}.Release|Any CPU.ActiveCfg = Release|Any CPU
		{38B0B9B0-77E5-42DE-89FB-086CB37D33BC}.Release|Any CPU.Build.0 = Release|Any CPU
		{132E2FC4-B509-4204-9DA2-D688BEA75D4A}.Debug|Any CPU.ActiveCfg = Debug|Any CPU
		{132E2FC4-B509-4204-9DA2-D688BEA75D4A}.Debug|Any CPU.Build.0 = Debug|Any CPU
		{132E2FC4-B509-4204-9DA2-D688BEA75D4A}.Release|Any CPU.ActiveCfg = Release|Any CPU
		{132E2FC4-B509-4204-9DA2-D688BEA75D4A}.Release|Any CPU.Build.0 = Release|Any CPU
		{1FB05B28-A1DF-4404-B298-3CCE2D2A8C99}.Debug|Any CPU.ActiveCfg = Debug|Any CPU
		{1FB05B28-A1DF-4404-B298-3CCE2D2A8C99}.Debug|Any CPU.Build.0 = Debug|Any CPU
		{1FB05B28-A1DF-4404-B298-3CCE2D2A8C99}.Release|Any CPU.ActiveCfg = Release|Any CPU
		{1FB05B28-A1DF-4404-B298-3CCE2D2A8C99}.Release|Any CPU.Build.0 = Release|Any CPU
	EndGlobalSection
	GlobalSection(SolutionProperties) = preSolution
		HideSolutionNode = FALSE
	EndGlobalSection
EndGlobal
